// !$*UTF8*$!
{
	archiveVersion = 1;
	classes = {
	};
	objectVersion = 46;
	objects = {

/* Begin PBXBuildFile section */
		024CFC90DBACE563EB47FB8D /* GardenWorldArt.swift in Sources */ = {isa = PBXBuildFile; fileRef = 6CCC1175052798FF3629F260 /* GardenWorldArt.swift */; };
		0288CE42E7EE728BA673EDFE /* AppPreferences.swift in Sources */ = {isa = PBXBuildFile; fileRef = 0F8F8B703EAB4F1611248D7A /* AppPreferences.swift */; };
		0644DC32C35AA20D0AD9D271 /* GardenScenePreviews.swift in Sources */ = {isa = PBXBuildFile; fileRef = 038724A458A3E6C9B9C30F54 /* GardenScenePreviews.swift */; };
		07268BC1D824028959501391 /* PetType.swift in Sources */ = {isa = PBXBuildFile; fileRef = 84D6551EF85CB6EDF4076490 /* PetType.swift */; };
		0A736A96F437A351B904853D /* GardenRules.swift in Sources */ = {isa = PBXBuildFile; fileRef = 36D71ABCB240F98621E74AC1 /* GardenRules.swift */; };
		0D57BA0F0036B1B15F574378 /* Phase6Tests.swift in Sources */ = {isa = PBXBuildFile; fileRef = 4EDA4D4EB2FA4355EEF4619F /* Phase6Tests.swift */; };
		0E94FC6D8306E3C057B54B8D /* NotificationCopy.swift in Sources */ = {isa = PBXBuildFile; fileRef = 5B73106A34DEA3D84CBE7CB9 /* NotificationCopy.swift */; };
		13658D3F7D8E66B6B4A7BD1F /* GardenRulesTests.swift in Sources */ = {isa = PBXBuildFile; fileRef = 18F6358DA2D4073D25183ABE /* GardenRulesTests.swift */; };
		13F3500619DE944CDDDE63EC /* GardenScenePreviews.swift in Sources */ = {isa = PBXBuildFile; fileRef = 038724A458A3E6C9B9C30F54 /* GardenScenePreviews.swift */; };
		169160AE545A7A1C22885E81 /* GardenSnapshot+Preview.swift in Sources */ = {isa = PBXBuildFile; fileRef = EA7314F271A1D5E8CF1FC6CB /* GardenSnapshot+Preview.swift */; };
		1952641EEAA0A5C3125103FD /* Foundation.framework in Frameworks */ = {isa = PBXBuildFile; fileRef = 4CF82C61462609E0EDD91D2D /* Foundation.framework */; };
		1CB371CD74CD25A340C37555 /* GardenPalette.swift in Sources */ = {isa = PBXBuildFile; fileRef = 06B9AC742C7E302FB8904F98 /* GardenPalette.swift */; };
		1FE84EE59C8E15C58D7FDCB1 /* GardenLighting.swift in Sources */ = {isa = PBXBuildFile; fileRef = 4FDE6138B1D665051752FF3E /* GardenLighting.swift */; };
		24287C74BC232BF53F09FD6B /* GardenJournal.swift in Sources */ = {isa = PBXBuildFile; fileRef = AAB1250A90D8A9E0083A91C3 /* GardenJournal.swift */; };
		2467431F6765CD3C159C8281 /* GardenRules.swift in Sources */ = {isa = PBXBuildFile; fileRef = 36D71ABCB240F98621E74AC1 /* GardenRules.swift */; };
		269829CC9A5B29A912D2CA63 /* ContentView.swift in Sources */ = {isa = PBXBuildFile; fileRef = 9751F75B31FC83890C980FD9 /* ContentView.swift */; };
		2D951351BFC9BEB120186C78 /* GratitudeGardenApp.swift in Sources */ = {isa = PBXBuildFile; fileRef = 49CE019F6ED28847408A8DB4 /* GratitudeGardenApp.swift */; };
		30B52833AF41FFC40D68C058 /* SharedContainerLocating.swift in Sources */ = {isa = PBXBuildFile; fileRef = F3C38E0BE6DEC775C9D89121 /* SharedContainerLocating.swift */; };
		3112B7356A88656F29783034 /* WidgetCenterReloader.swift in Sources */ = {isa = PBXBuildFile; fileRef = 5001B9792B60E902649026ED /* WidgetCenterReloader.swift */; };
		3303C60ABEC888523A1265CA /* GardenStore.swift in Sources */ = {isa = PBXBuildFile; fileRef = 0E082C943771A8B3592C9591 /* GardenStore.swift */; };
		347A17D9A79FF13AA274869B /* Entry.swift in Sources */ = {isa = PBXBuildFile; fileRef = D389C59E6CA1B3AD50DE649F /* Entry.swift */; };
		378BF8E7595DC0594E21454A /* WidgetReloading.swift in Sources */ = {isa = PBXBuildFile; fileRef = 4FA58C50FF3110590438583A /* WidgetReloading.swift */; };
		394714168E6514B652909856 /* NotificationModels.swift in Sources */ = {isa = PBXBuildFile; fileRef = 9588B21C6C86632C7A81B3BA /* NotificationModels.swift */; };
		3A10A541E9645F949258916F /* EntryComposerView.swift in Sources */ = {isa = PBXBuildFile; fileRef = 1D7B56AF53E424326013D95D /* EntryComposerView.swift */; };
		3A7CA19CD43A07133850D74B /* GardenWorldArt.swift in Sources */ = {isa = PBXBuildFile; fileRef = 6CCC1175052798FF3629F260 /* GardenWorldArt.swift */; };
		3B17F5A6A7795CB9FF38C44B /* Vitality.swift in Sources */ = {isa = PBXBuildFile; fileRef = 17CB377600D8FCF3FA7F7E8E /* Vitality.swift */; };
		3B242BB01DE48C476660AF73 /* UserNotificationServices.swift in Sources */ = {isa = PBXBuildFile; fileRef = 72A66B294E14F3F13DE7A09C /* UserNotificationServices.swift */; };
		3DF85A1CF0C0CB996C5C1BCC /* NotificationSettingsView.swift in Sources */ = {isa = PBXBuildFile; fileRef = 5635061C06C55D86DE3AB03C /* NotificationSettingsView.swift */; };
		4215AA9DB13E3DD6E8D211FC /* GardenJournal.swift in Sources */ = {isa = PBXBuildFile; fileRef = AAB1250A90D8A9E0083A91C3 /* GardenJournal.swift */; };
		46FF33534009FDC7E334D776 /* NotificationSettingsStore.swift in Sources */ = {isa = PBXBuildFile; fileRef = 224D5EE82F2EBF62A96A972D /* NotificationSettingsStore.swift */; };
		482338116749544D278032F0 /* GardenTimelinePlanner.swift in Sources */ = {isa = PBXBuildFile; fileRef = 662403C79FE6F3ADC6B1A3CB /* GardenTimelinePlanner.swift */; };
		4C1723C96A9D7A0F645EDCA4 /* JournalExport.swift in Sources */ = {isa = PBXBuildFile; fileRef = E1A8D54BEBD539E8CDBCA34B /* JournalExport.swift */; };
		4CF8D24A139CA42E3D64099D /* GardenStore.swift in Sources */ = {isa = PBXBuildFile; fileRef = 0E082C943771A8B3592C9591 /* GardenStore.swift */; };
		4F80676C1BC804971063BBFD /* NotificationSettingsStore.swift in Sources */ = {isa = PBXBuildFile; fileRef = 224D5EE82F2EBF62A96A972D /* NotificationSettingsStore.swift */; };
		52F0C4F13B3BF489E4C0AC53 /* PrivacyView.swift in Sources */ = {isa = PBXBuildFile; fileRef = 4A8E96175EF9D39694E24784 /* PrivacyView.swift */; };
		5495A9CBF871997740A7CBED /* NotificationCopy.swift in Sources */ = {isa = PBXBuildFile; fileRef = 5B73106A34DEA3D84CBE7CB9 /* NotificationCopy.swift */; };
		54B6209D5EA3824A55F75CC2 /* Foundation.framework in Frameworks */ = {isa = PBXBuildFile; fileRef = 4CF82C61462609E0EDD91D2D /* Foundation.framework */; };
		54CF869335DEEA621337D237 /* GardenState.swift in Sources */ = {isa = PBXBuildFile; fileRef = 31CDFC659054B0DB9B40B881 /* GardenState.swift */; };
		54F6A644C0A39C4CCB630D66 /* GardenStyle.swift in Sources */ = {isa = PBXBuildFile; fileRef = 3201D294842162AD45E3684F /* GardenStyle.swift */; };
		5648F418DE2ABF662BC82D29 /* GardenRenderingTests.swift in Sources */ = {isa = PBXBuildFile; fileRef = EDFAE2AFEF21752F8E00C210 /* GardenRenderingTests.swift */; };
		57DE67EEEA132E6C879006B8 /* GratitudeGardenWidgetBundle.swift in Sources */ = {isa = PBXBuildFile; fileRef = 6407DCFB97098C2E108E5D64 /* GratitudeGardenWidgetBundle.swift */; };
		58539593D7BB2CB3C6716338 /* GardenWeather.swift in Sources */ = {isa = PBXBuildFile; fileRef = F211B0EA66F10B903BE7E33F /* GardenWeather.swift */; };
		591F93735B79C7C45E6D776E /* Vitality.swift in Sources */ = {isa = PBXBuildFile; fileRef = 17CB377600D8FCF3FA7F7E8E /* Vitality.swift */; };
		59E0FDCF605167C07526A3A0 /* AppGroup.swift in Sources */ = {isa = PBXBuildFile; fileRef = FA02324BB845469F0113F4DC /* AppGroup.swift */; };
		5A91890C44D00E2F94132809 /* GardenCamera.swift in Sources */ = {isa = PBXBuildFile; fileRef = 5DA7480321A1F344AD52F935 /* GardenCamera.swift */; };
		66DEB71437F040248A2A9CED /* GardenPalette.swift in Sources */ = {isa = PBXBuildFile; fileRef = 06B9AC742C7E302FB8904F98 /* GardenPalette.swift */; };
		695FE7D89C99EC5AAE048912 /* PetSprites.swift in Sources */ = {isa = PBXBuildFile; fileRef = 4E4514A700593B0625668C21 /* PetSprites.swift */; };
		69E876A615607DD3D0BA0447 /* SharedContainerLocating.swift in Sources */ = {isa = PBXBuildFile; fileRef = F3C38E0BE6DEC775C9D89121 /* SharedContainerLocating.swift */; };
		69F38DE8097BE7E0ACA34EB0 /* PetSprites.swift in Sources */ = {isa = PBXBuildFile; fileRef = 4E4514A700593B0625668C21 /* PetSprites.swift */; };
		6FE173EC5982352EE9E6D4EF /* GrowthStage.swift in Sources */ = {isa = PBXBuildFile; fileRef = 5B30CAB43CAD79E19D4B5843 /* GrowthStage.swift */; };
		77A2A9C4B850135C97274129 /* GardenViewModel.swift in Sources */ = {isa = PBXBuildFile; fileRef = E810FE43C1FD3B085B20B676 /* GardenViewModel.swift */; };
		77AFE69AE7D7A5D6012A4C48 /* WidgetReloading.swift in Sources */ = {isa = PBXBuildFile; fileRef = 4FA58C50FF3110590438583A /* WidgetReloading.swift */; };
		7B02E96622F1B76DDCD1B015 /* GardenSnapshot.swift in Sources */ = {isa = PBXBuildFile; fileRef = 8248D29FE8E75D46EF1AB728 /* GardenSnapshot.swift */; };
		7D217FE716D57E3A401A0BC9 /* AppRouter.swift in Sources */ = {isa = PBXBuildFile; fileRef = DE7F1E19F90D215822DE1FCE /* AppRouter.swift */; };
		7E70C83763059E05FDA5962F /* GardenDeepLink.swift in Sources */ = {isa = PBXBuildFile; fileRef = FE37942F56A36DF6798717CD /* GardenDeepLink.swift */; };
		7FA34C754B1F8ED50ED89EBE /* AppGroup.swift in Sources */ = {isa = PBXBuildFile; fileRef = FA02324BB845469F0113F4DC /* AppGroup.swift */; };
		81C33F06B2F6675C26B885D1 /* NotificationProtocols.swift in Sources */ = {isa = PBXBuildFile; fileRef = BA4BCF254790A4F923CBA1EB /* NotificationProtocols.swift */; };
		81D7363C48CFE81E2AF18F5C /* GardenWidgetTests.swift in Sources */ = {isa = PBXBuildFile; fileRef = 2E7A4CB9835D19C65562DC84 /* GardenWidgetTests.swift */; };
		875EEB5FBB1F3E8FCFAF42C1 /* GardenWeather.swift in Sources */ = {isa = PBXBuildFile; fileRef = F211B0EA66F10B903BE7E33F /* GardenWeather.swift */; };
		8884C4F06DC95B584821F0AA /* LocationProvider.swift in Sources */ = {isa = PBXBuildFile; fileRef = C4F1618EBBE3B6DD53901090 /* LocationProvider.swift */; };
		8D47CD2016D988878A9DDEF4 /* NotificationTests.swift in Sources */ = {isa = PBXBuildFile; fileRef = D87D156B7C9D1D836C7F88AE /* NotificationTests.swift */; };
		8DAB36DCE5638B8263BD146C /* GardenCopy.swift in Sources */ = {isa = PBXBuildFile; fileRef = 800DACE2D4314752DA4A8958 /* GardenCopy.swift */; };
		8FC3C1D3B3C0F958BED34C2F /* WorldStage.swift in Sources */ = {isa = PBXBuildFile; fileRef = 68E91AE3592ACD2B4409A5B0 /* WorldStage.swift */; };
		9125E3FFA6DFC0A2BB55F12D /* GrowthStage.swift in Sources */ = {isa = PBXBuildFile; fileRef = 5B30CAB43CAD79E19D4B5843 /* GrowthStage.swift */; };
		91464A67DE189293FB024BE0 /* GardenLighting.swift in Sources */ = {isa = PBXBuildFile; fileRef = 4FDE6138B1D665051752FF3E /* GardenLighting.swift */; };
		91C49FF0001C96D6F3101A12 /* GardenJournalTests.swift in Sources */ = {isa = PBXBuildFile; fileRef = 664BB9785ECD1F17802F2472 /* GardenJournalTests.swift */; };
		91E6FD88E66924A746F81637 /* GardenFlowers.swift in Sources */ = {isa = PBXBuildFile; fileRef = 99B3650DB1CD11315B79B39E /* GardenFlowers.swift */; };
		951EA45D19D95A7DCD763EC5 /* GardenTimelinePlanner.swift in Sources */ = {isa = PBXBuildFile; fileRef = 662403C79FE6F3ADC6B1A3CB /* GardenTimelinePlanner.swift */; };
		981ACC424D5E8607919A0CC8 /* GardenSprites.swift in Sources */ = {isa = PBXBuildFile; fileRef = ED22FA681E45C338923BF6CC /* GardenSprites.swift */; };
		9942D0D68672C9F9927FD909 /* GardenScene.swift in Sources */ = {isa = PBXBuildFile; fileRef = D11DEE8FF1B1A8A4483D826F /* GardenScene.swift */; };
		9F3805FB0D7DC891A49ACE07 /* AppPreferences.swift in Sources */ = {isa = PBXBuildFile; fileRef = 0F8F8B703EAB4F1611248D7A /* AppPreferences.swift */; };
		A2B5EC3DE277449DA4098810 /* GardenSnapshot.swift in Sources */ = {isa = PBXBuildFile; fileRef = 8248D29FE8E75D46EF1AB728 /* GardenSnapshot.swift */; };
		A3453475571631E84D0F289B /* PixelSprite.swift in Sources */ = {isa = PBXBuildFile; fileRef = 1E6EB164D7456F520587A0FF /* PixelSprite.swift */; };
		A5B2BB71418C781E35E8CD50 /* SoundPlayer.swift in Sources */ = {isa = PBXBuildFile; fileRef = 5E855AD19BF4EA592DBD616A /* SoundPlayer.swift */; };
		A61006E72F8BF7F4D053CDB8 /* GardenSnapshot+Preview.swift in Sources */ = {isa = PBXBuildFile; fileRef = EA7314F271A1D5E8CF1FC6CB /* GardenSnapshot+Preview.swift */; };
		A6DF90E749EA236BA93E21AE /* JournalGrouping.swift in Sources */ = {isa = PBXBuildFile; fileRef = 9CCC733C5CCA621643426121 /* JournalGrouping.swift */; };
		A8435CDC63250EB579884464 /* JournalGrouping.swift in Sources */ = {isa = PBXBuildFile; fileRef = 9CCC733C5CCA621643426121 /* JournalGrouping.swift */; };
		A8FE2FE3DA5A9AC86A260A7D /* Assets.xcassets in Resources */ = {isa = PBXBuildFile; fileRef = 40C0659A98B7AC13FC135259 /* Assets.xcassets */; };
		ACFDDD3541C6AF6EC4704F9A /* SettingsView.swift in Sources */ = {isa = PBXBuildFile; fileRef = 8E28D0FDFC76D9ED66618328 /* SettingsView.swift */; };
		AD7A15F035141825F8B49B6D /* Haptics.swift in Sources */ = {isa = PBXBuildFile; fileRef = 5D6A63AF33CC7ACB3128D2B9 /* Haptics.swift */; };
		B1FF716F7DB8952170A51D81 /* WeatherModel.swift in Sources */ = {isa = PBXBuildFile; fileRef = D4CC631FB52A9AA50B1530D2 /* WeatherModel.swift */; };
		B6557250AC64677ED37762D7 /* NotificationManager.swift in Sources */ = {isa = PBXBuildFile; fileRef = 6C5595E4518B2E256446E257 /* NotificationManager.swift */; };
		B89AE9CC0A48F7BD11525C71 /* GardenStyle.swift in Sources */ = {isa = PBXBuildFile; fileRef = 3201D294842162AD45E3684F /* GardenStyle.swift */; };
		BA852D3AA71C1A5CAA16662A /* Foundation.framework in Frameworks */ = {isa = PBXBuildFile; fileRef = 4CF82C61462609E0EDD91D2D /* Foundation.framework */; };
		C11F6C98DD37D024144B7A1E /* GardenState.swift in Sources */ = {isa = PBXBuildFile; fileRef = 31CDFC659054B0DB9B40B881 /* GardenState.swift */; };
		C2931D6D4BD5981D91EE40A7 /* GardenUnlocks.swift in Sources */ = {isa = PBXBuildFile; fileRef = 563B1832DE89EF1881EFB377 /* GardenUnlocks.swift */; };
		C2AC4102FAA36976F0C37787 /* HomeStyle.swift in Sources */ = {isa = PBXBuildFile; fileRef = F50172F0E82150338B872140 /* HomeStyle.swift */; };
		C2B53D12F3F863ADB75B6CE0 /* GratitudeGardenWidgetExtension.appex in Embed Foundation Extensions */ = {isa = PBXBuildFile; fileRef = 873D575E46F3E935977B6AB9 /* GratitudeGardenWidgetExtension.appex */; settings = {ATTRIBUTES = (RemoveHeadersOnCopy, ); }; };
		C4350F44B09D803D313A3698 /* GardenUnlocks.swift in Sources */ = {isa = PBXBuildFile; fileRef = 563B1832DE89EF1881EFB377 /* GardenUnlocks.swift */; };
		CFB99A0BDD0CA65F7EFBD1DC /* GardenCopy.swift in Sources */ = {isa = PBXBuildFile; fileRef = 800DACE2D4314752DA4A8958 /* GardenCopy.swift */; };
		D104903FAAB22335C3F40B7C /* WorldArt.xcassets in Resources */ = {isa = PBXBuildFile; fileRef = B54658B7A47BF3ACFE004B7D /* WorldArt.xcassets */; };
		D17A0EECBF7B57F20B932AB2 /* NotificationPlanner.swift in Sources */ = {isa = PBXBuildFile; fileRef = 453AAAFEF208BE0A9BF1BE2E /* NotificationPlanner.swift */; };
		D5BCEC840E4E57ED2AD66224 /* GardenDeepLink.swift in Sources */ = {isa = PBXBuildFile; fileRef = FE37942F56A36DF6798717CD /* GardenDeepLink.swift */; };
		D5FA579DE60ACE44105EDE37 /* Entry.swift in Sources */ = {isa = PBXBuildFile; fileRef = D389C59E6CA1B3AD50DE649F /* Entry.swift */; };
		D9800BB0C17724840901B20C /* Pet.swift in Sources */ = {isa = PBXBuildFile; fileRef = 4A041EE4D79D3FFEFEEE9138 /* Pet.swift */; };
		DCB382C87C1C753511C36839 /* JournalView.swift in Sources */ = {isa = PBXBuildFile; fileRef = FCA69FA1FEEFA90A9057FE89 /* JournalView.swift */; };
		DCC2A78A123195CF9B0FA5BD /* Pet.swift in Sources */ = {isa = PBXBuildFile; fileRef = 4A041EE4D79D3FFEFEEE9138 /* Pet.swift */; };
		DCF09041C9CA029728FACE65 /* GardenCamera.swift in Sources */ = {isa = PBXBuildFile; fileRef = 5DA7480321A1F344AD52F935 /* GardenCamera.swift */; };
		DE7F20115472D56AC5C1D617 /* GardenScene.swift in Sources */ = {isa = PBXBuildFile; fileRef = D11DEE8FF1B1A8A4483D826F /* GardenScene.swift */; };
		E01165B992E16547D323EA7F /* GratitudeGardenWidget.swift in Sources */ = {isa = PBXBuildFile; fileRef = 06C99E58D799D78D9CF2728E /* GratitudeGardenWidget.swift */; };
		E28281FC20538006E6CCF437 /* NotificationPlanner.swift in Sources */ = {isa = PBXBuildFile; fileRef = 453AAAFEF208BE0A9BF1BE2E /* NotificationPlanner.swift */; };
		E303466FE5601BCC7704EAAA /* GardenStoreTests.swift in Sources */ = {isa = PBXBuildFile; fileRef = FFB1B1BBD699D8F2DBB011CE /* GardenStoreTests.swift */; };
		E39C62A7949E2E94ED7C8F31 /* JournalExport.swift in Sources */ = {isa = PBXBuildFile; fileRef = E1A8D54BEBD539E8CDBCA34B /* JournalExport.swift */; };
		E49253ADBD337A1B3E205919 /* WorldArt.xcassets in Resources */ = {isa = PBXBuildFile; fileRef = B54658B7A47BF3ACFE004B7D /* WorldArt.xcassets */; };
		E811037605FCC15E118E3A54 /* PixelSprite.swift in Sources */ = {isa = PBXBuildFile; fileRef = 1E6EB164D7456F520587A0FF /* PixelSprite.swift */; };
		E8C3748E8D715BF74A189A86 /* GardenSprites.swift in Sources */ = {isa = PBXBuildFile; fileRef = ED22FA681E45C338923BF6CC /* GardenSprites.swift */; };
		E977A7F7E962FD63EF24E92D /* WorldStage.swift in Sources */ = {isa = PBXBuildFile; fileRef = 68E91AE3592ACD2B4409A5B0 /* WorldStage.swift */; };
		E9C5C3E2F97177B11753F6FD /* PetType.swift in Sources */ = {isa = PBXBuildFile; fileRef = 84D6551EF85CB6EDF4076490 /* PetType.swift */; };
		EB8B5E9D6DBF8D9366AFCC23 /* NotificationModels.swift in Sources */ = {isa = PBXBuildFile; fileRef = 9588B21C6C86632C7A81B3BA /* NotificationModels.swift */; };
		EF503842C81A35DF67010233 /* AppPreferencesModel.swift in Sources */ = {isa = PBXBuildFile; fileRef = 27E4C5C23E7A52F94AEBC475 /* AppPreferencesModel.swift */; };
		F0E7D217CDAF3FBE4AFCA996 /* GardenFlowers.swift in Sources */ = {isa = PBXBuildFile; fileRef = 99B3650DB1CD11315B79B39E /* GardenFlowers.swift */; };
		F39E8D4A69F82822C9850EAC /* HomeStyle.swift in Sources */ = {isa = PBXBuildFile; fileRef = F50172F0E82150338B872140 /* HomeStyle.swift */; };
		F7EC1194BB75B409DC80E026 /* OnboardingView.swift in Sources */ = {isa = PBXBuildFile; fileRef = ED20E473BA31616328A030D2 /* OnboardingView.swift */; };
/* End PBXBuildFile section */

/* Begin PBXContainerItemProxy section */
		90EA8E3EA0CD42525E8AA5E8 /* PBXContainerItemProxy */ = {
			isa = PBXContainerItemProxy;
			containerPortal = 5FD80E05E872167810BEBBAB /* Project object */;
			proxyType = 1;
			remoteGlobalIDString = 8CD7D199071AB31DAD95205C;
			remoteInfo = GratitudeGarden;
		};
		C11E26AD79063ABB1373FA91 /* PBXContainerItemProxy */ = {
			isa = PBXContainerItemProxy;
			containerPortal = 5FD80E05E872167810BEBBAB /* Project object */;
			proxyType = 1;
			remoteGlobalIDString = 2A990B470CE1ABE9EDDF098C;
			remoteInfo = GratitudeGardenWidgetExtension;
		};
/* End PBXContainerItemProxy section */

/* Begin PBXCopyFilesBuildPhase section */
		8F92743AAD81C938C466B54C /* Embed Foundation Extensions */ = {
			isa = PBXCopyFilesBuildPhase;
			buildActionMask = 2147483647;
			dstPath = "";
			dstSubfolderSpec = 13;
			files = (
				C2B53D12F3F863ADB75B6CE0 /* GratitudeGardenWidgetExtension.appex in Embed Foundation Extensions */,
			);
			name = "Embed Foundation Extensions";
			runOnlyForDeploymentPostprocessing = 0;
		};
/* End PBXCopyFilesBuildPhase section */

/* Begin PBXFileReference section */
		038724A458A3E6C9B9C30F54 /* GardenScenePreviews.swift */ = {isa = PBXFileReference; includeInIndex = 1; lastKnownFileType = sourcecode.swift; name = GardenScenePreviews.swift; path = Rendering/GardenScenePreviews.swift; sourceTree = "<group>"; };
		06B9AC742C7E302FB8904F98 /* GardenPalette.swift */ = {isa = PBXFileReference; includeInIndex = 1; lastKnownFileType = sourcecode.swift; name = GardenPalette.swift; path = Rendering/GardenPalette.swift; sourceTree = "<group>"; };
		06C99E58D799D78D9CF2728E /* GratitudeGardenWidget.swift */ = {isa = PBXFileReference; includeInIndex = 1; lastKnownFileType = sourcecode.swift; path = GratitudeGardenWidget.swift; sourceTree = "<group>"; };
		0E082C943771A8B3592C9591 /* GardenStore.swift */ = {isa = PBXFileReference; includeInIndex = 1; lastKnownFileType = sourcecode.swift; name = GardenStore.swift; path = Storage/GardenStore.swift; sourceTree = "<group>"; };
		0F8F8B703EAB4F1611248D7A /* AppPreferences.swift */ = {isa = PBXFileReference; includeInIndex = 1; lastKnownFileType = sourcecode.swift; name = AppPreferences.swift; path = Storage/AppPreferences.swift; sourceTree = "<group>"; };
		102B6F00B6EC144EF0B3DA8D /* Info.plist */ = {isa = PBXFileReference; includeInIndex = 1; lastKnownFileType = text.plist.xml; path = Info.plist; sourceTree = "<group>"; };
		17CB377600D8FCF3FA7F7E8E /* Vitality.swift */ = {isa = PBXFileReference; includeInIndex = 1; lastKnownFileType = sourcecode.swift; name = Vitality.swift; path = Models/Vitality.swift; sourceTree = "<group>"; };
		18F6358DA2D4073D25183ABE /* GardenRulesTests.swift */ = {isa = PBXFileReference; includeInIndex = 1; lastKnownFileType = sourcecode.swift; path = GardenRulesTests.swift; sourceTree = "<group>"; };
		1D7B56AF53E424326013D95D /* EntryComposerView.swift */ = {isa = PBXFileReference; includeInIndex = 1; lastKnownFileType = sourcecode.swift; path = EntryComposerView.swift; sourceTree = "<group>"; };
		1E6EB164D7456F520587A0FF /* PixelSprite.swift */ = {isa = PBXFileReference; includeInIndex = 1; lastKnownFileType = sourcecode.swift; name = PixelSprite.swift; path = Rendering/PixelSprite.swift; sourceTree = "<group>"; };
		224D5EE82F2EBF62A96A972D /* NotificationSettingsStore.swift */ = {isa = PBXFileReference; includeInIndex = 1; lastKnownFileType = sourcecode.swift; name = NotificationSettingsStore.swift; path = Storage/NotificationSettingsStore.swift; sourceTree = "<group>"; };
		27E4C5C23E7A52F94AEBC475 /* AppPreferencesModel.swift */ = {isa = PBXFileReference; includeInIndex = 1; lastKnownFileType = sourcecode.swift; path = AppPreferencesModel.swift; sourceTree = "<group>"; };
		2E7A4CB9835D19C65562DC84 /* GardenWidgetTests.swift */ = {isa = PBXFileReference; includeInIndex = 1; lastKnownFileType = sourcecode.swift; path = GardenWidgetTests.swift; sourceTree = "<group>"; };
		31CDFC659054B0DB9B40B881 /* GardenState.swift */ = {isa = PBXFileReference; includeInIndex = 1; lastKnownFileType = sourcecode.swift; name = GardenState.swift; path = Models/GardenState.swift; sourceTree = "<group>"; };
		3201D294842162AD45E3684F /* GardenStyle.swift */ = {isa = PBXFileReference; includeInIndex = 1; lastKnownFileType = sourcecode.swift; name = GardenStyle.swift; path = Rendering/GardenStyle.swift; sourceTree = "<group>"; };
		36D71ABCB240F98621E74AC1 /* GardenRules.swift */ = {isa = PBXFileReference; includeInIndex = 1; lastKnownFileType = sourcecode.swift; name = GardenRules.swift; path = Rules/GardenRules.swift; sourceTree = "<group>"; };
		40C0659A98B7AC13FC135259 /* Assets.xcassets */ = {isa = PBXFileReference; includeInIndex = 1; lastKnownFileType = folder.assetcatalog; path = Assets.xcassets; sourceTree = "<group>"; };
		41296281E04A2F6E476BB5F3 /* GratitudeGarden.entitlements */ = {isa = PBXFileReference; includeInIndex = 1; lastKnownFileType = text.plist.entitlements; path = GratitudeGarden.entitlements; sourceTree = "<group>"; };
		453AAAFEF208BE0A9BF1BE2E /* NotificationPlanner.swift */ = {isa = PBXFileReference; includeInIndex = 1; lastKnownFileType = sourcecode.swift; name = NotificationPlanner.swift; path = Notifications/NotificationPlanner.swift; sourceTree = "<group>"; };
		49CE019F6ED28847408A8DB4 /* GratitudeGardenApp.swift */ = {isa = PBXFileReference; includeInIndex = 1; lastKnownFileType = sourcecode.swift; path = GratitudeGardenApp.swift; sourceTree = "<group>"; };
		4A041EE4D79D3FFEFEEE9138 /* Pet.swift */ = {isa = PBXFileReference; includeInIndex = 1; lastKnownFileType = sourcecode.swift; name = Pet.swift; path = Rendering/Pet.swift; sourceTree = "<group>"; };
		4A8E96175EF9D39694E24784 /* PrivacyView.swift */ = {isa = PBXFileReference; includeInIndex = 1; lastKnownFileType = sourcecode.swift; path = PrivacyView.swift; sourceTree = "<group>"; };
		4CF82C61462609E0EDD91D2D /* Foundation.framework */ = {isa = PBXFileReference; lastKnownFileType = wrapper.framework; name = Foundation.framework; path = Platforms/iPhoneOS.platform/Developer/SDKs/iPhoneOS18.0.sdk/System/Library/Frameworks/Foundation.framework; sourceTree = DEVELOPER_DIR; };
		4E4514A700593B0625668C21 /* PetSprites.swift */ = {isa = PBXFileReference; includeInIndex = 1; lastKnownFileType = sourcecode.swift; name = PetSprites.swift; path = Rendering/PetSprites.swift; sourceTree = "<group>"; };
		4EDA4D4EB2FA4355EEF4619F /* Phase6Tests.swift */ = {isa = PBXFileReference; includeInIndex = 1; lastKnownFileType = sourcecode.swift; path = Phase6Tests.swift; sourceTree = "<group>"; };
		4FA58C50FF3110590438583A /* WidgetReloading.swift */ = {isa = PBXFileReference; includeInIndex = 1; lastKnownFileType = sourcecode.swift; name = WidgetReloading.swift; path = Storage/WidgetReloading.swift; sourceTree = "<group>"; };
		4FDE6138B1D665051752FF3E /* GardenLighting.swift */ = {isa = PBXFileReference; includeInIndex = 1; lastKnownFileType = sourcecode.swift; name = GardenLighting.swift; path = Rendering/GardenLighting.swift; sourceTree = "<group>"; };
		5001B9792B60E902649026ED /* WidgetCenterReloader.swift */ = {isa = PBXFileReference; includeInIndex = 1; lastKnownFileType = sourcecode.swift; path = WidgetCenterReloader.swift; sourceTree = "<group>"; };
		5635061C06C55D86DE3AB03C /* NotificationSettingsView.swift */ = {isa = PBXFileReference; includeInIndex = 1; lastKnownFileType = sourcecode.swift; path = NotificationSettingsView.swift; sourceTree = "<group>"; };
		563B1832DE89EF1881EFB377 /* GardenUnlocks.swift */ = {isa = PBXFileReference; includeInIndex = 1; lastKnownFileType = sourcecode.swift; name = GardenUnlocks.swift; path = Rendering/GardenUnlocks.swift; sourceTree = "<group>"; };
		5B30CAB43CAD79E19D4B5843 /* GrowthStage.swift */ = {isa = PBXFileReference; includeInIndex = 1; lastKnownFileType = sourcecode.swift; name = GrowthStage.swift; path = Models/GrowthStage.swift; sourceTree = "<group>"; };
		5B73106A34DEA3D84CBE7CB9 /* NotificationCopy.swift */ = {isa = PBXFileReference; includeInIndex = 1; lastKnownFileType = sourcecode.swift; name = NotificationCopy.swift; path = Presentation/NotificationCopy.swift; sourceTree = "<group>"; };
		5D6A63AF33CC7ACB3128D2B9 /* Haptics.swift */ = {isa = PBXFileReference; includeInIndex = 1; lastKnownFileType = sourcecode.swift; name = Haptics.swift; path = Feedback/Haptics.swift; sourceTree = "<group>"; };
		5DA7480321A1F344AD52F935 /* GardenCamera.swift */ = {isa = PBXFileReference; includeInIndex = 1; lastKnownFileType = sourcecode.swift; name = GardenCamera.swift; path = Rendering/GardenCamera.swift; sourceTree = "<group>"; };
		5E855AD19BF4EA592DBD616A /* SoundPlayer.swift */ = {isa = PBXFileReference; includeInIndex = 1; lastKnownFileType = sourcecode.swift; name = SoundPlayer.swift; path = Feedback/SoundPlayer.swift; sourceTree = "<group>"; };
		6407DCFB97098C2E108E5D64 /* GratitudeGardenWidgetBundle.swift */ = {isa = PBXFileReference; includeInIndex = 1; lastKnownFileType = sourcecode.swift; path = GratitudeGardenWidgetBundle.swift; sourceTree = "<group>"; };
		662403C79FE6F3ADC6B1A3CB /* GardenTimelinePlanner.swift */ = {isa = PBXFileReference; includeInIndex = 1; lastKnownFileType = sourcecode.swift; name = GardenTimelinePlanner.swift; path = Widget/GardenTimelinePlanner.swift; sourceTree = "<group>"; };
		664BB9785ECD1F17802F2472 /* GardenJournalTests.swift */ = {isa = PBXFileReference; includeInIndex = 1; lastKnownFileType = sourcecode.swift; path = GardenJournalTests.swift; sourceTree = "<group>"; };
		688E30DB6195C24D42DE691F /* GratitudeGarden.app */ = {isa = PBXFileReference; explicitFileType = wrapper.application; includeInIndex = 0; path = GratitudeGarden.app; sourceTree = BUILT_PRODUCTS_DIR; };
		68E91AE3592ACD2B4409A5B0 /* WorldStage.swift */ = {isa = PBXFileReference; includeInIndex = 1; lastKnownFileType = sourcecode.swift; name = WorldStage.swift; path = Models/WorldStage.swift; sourceTree = "<group>"; };
		6AACB32524784F696B50A9DD /* GratitudeGardenTests.xctest */ = {isa = PBXFileReference; explicitFileType = wrapper.cfbundle; includeInIndex = 0; path = GratitudeGardenTests.xctest; sourceTree = BUILT_PRODUCTS_DIR; };
		6C5595E4518B2E256446E257 /* NotificationManager.swift */ = {isa = PBXFileReference; includeInIndex = 1; lastKnownFileType = sourcecode.swift; name = NotificationManager.swift; path = Notifications/NotificationManager.swift; sourceTree = "<group>"; };
		6CCC1175052798FF3629F260 /* GardenWorldArt.swift */ = {isa = PBXFileReference; includeInIndex = 1; lastKnownFileType = sourcecode.swift; name = GardenWorldArt.swift; path = Rendering/GardenWorldArt.swift; sourceTree = "<group>"; };
		72A66B294E14F3F13DE7A09C /* UserNotificationServices.swift */ = {isa = PBXFileReference; includeInIndex = 1; lastKnownFileType = sourcecode.swift; name = UserNotificationServices.swift; path = Notifications/UserNotificationServices.swift; sourceTree = "<group>"; };
		800DACE2D4314752DA4A8958 /* GardenCopy.swift */ = {isa = PBXFileReference; includeInIndex = 1; lastKnownFileType = sourcecode.swift; name = GardenCopy.swift; path = Presentation/GardenCopy.swift; sourceTree = "<group>"; };
		8248D29FE8E75D46EF1AB728 /* GardenSnapshot.swift */ = {isa = PBXFileReference; includeInIndex = 1; lastKnownFileType = sourcecode.swift; name = GardenSnapshot.swift; path = Models/GardenSnapshot.swift; sourceTree = "<group>"; };
		84D6551EF85CB6EDF4076490 /* PetType.swift */ = {isa = PBXFileReference; includeInIndex = 1; lastKnownFileType = sourcecode.swift; name = PetType.swift; path = Models/PetType.swift; sourceTree = "<group>"; };
		84F1F78AD43AA408B732B191 /* GratitudeGardenWidgetExtension.entitlements */ = {isa = PBXFileReference; includeInIndex = 1; lastKnownFileType = text.plist.entitlements; path = GratitudeGardenWidgetExtension.entitlements; sourceTree = "<group>"; };
		873D575E46F3E935977B6AB9 /* GratitudeGardenWidgetExtension.appex */ = {isa = PBXFileReference; explicitFileType = "wrapper.app-extension"; includeInIndex = 0; path = GratitudeGardenWidgetExtension.appex; sourceTree = BUILT_PRODUCTS_DIR; };
		8E28D0FDFC76D9ED66618328 /* SettingsView.swift */ = {isa = PBXFileReference; includeInIndex = 1; lastKnownFileType = sourcecode.swift; path = SettingsView.swift; sourceTree = "<group>"; };
		9588B21C6C86632C7A81B3BA /* NotificationModels.swift */ = {isa = PBXFileReference; includeInIndex = 1; lastKnownFileType = sourcecode.swift; name = NotificationModels.swift; path = Notifications/NotificationModels.swift; sourceTree = "<group>"; };
		9751F75B31FC83890C980FD9 /* ContentView.swift */ = {isa = PBXFileReference; includeInIndex = 1; lastKnownFileType = sourcecode.swift; path = ContentView.swift; sourceTree = "<group>"; };
		99B3650DB1CD11315B79B39E /* GardenFlowers.swift */ = {isa = PBXFileReference; includeInIndex = 1; lastKnownFileType = sourcecode.swift; name = GardenFlowers.swift; path = Rendering/GardenFlowers.swift; sourceTree = "<group>"; };
		9CCC733C5CCA621643426121 /* JournalGrouping.swift */ = {isa = PBXFileReference; includeInIndex = 1; lastKnownFileType = sourcecode.swift; name = JournalGrouping.swift; path = Journal/JournalGrouping.swift; sourceTree = "<group>"; };
		AAB1250A90D8A9E0083A91C3 /* GardenJournal.swift */ = {isa = PBXFileReference; includeInIndex = 1; lastKnownFileType = sourcecode.swift; name = GardenJournal.swift; path = Rules/GardenJournal.swift; sourceTree = "<group>"; };
		B54658B7A47BF3ACFE004B7D /* WorldArt.xcassets */ = {isa = PBXFileReference; includeInIndex = 1; lastKnownFileType = folder.assetcatalog; path = WorldArt.xcassets; sourceTree = "<group>"; };
		BA4BCF254790A4F923CBA1EB /* NotificationProtocols.swift */ = {isa = PBXFileReference; includeInIndex = 1; lastKnownFileType = sourcecode.swift; name = NotificationProtocols.swift; path = Notifications/NotificationProtocols.swift; sourceTree = "<group>"; };
		C4F1618EBBE3B6DD53901090 /* LocationProvider.swift */ = {isa = PBXFileReference; includeInIndex = 1; lastKnownFileType = sourcecode.swift; name = LocationProvider.swift; path = Weather/LocationProvider.swift; sourceTree = "<group>"; };
		D11DEE8FF1B1A8A4483D826F /* GardenScene.swift */ = {isa = PBXFileReference; includeInIndex = 1; lastKnownFileType = sourcecode.swift; name = GardenScene.swift; path = Rendering/GardenScene.swift; sourceTree = "<group>"; };
		D389C59E6CA1B3AD50DE649F /* Entry.swift */ = {isa = PBXFileReference; includeInIndex = 1; lastKnownFileType = sourcecode.swift; name = Entry.swift; path = Models/Entry.swift; sourceTree = "<group>"; };
		D4CC631FB52A9AA50B1530D2 /* WeatherModel.swift */ = {isa = PBXFileReference; includeInIndex = 1; lastKnownFileType = sourcecode.swift; name = WeatherModel.swift; path = Weather/WeatherModel.swift; sourceTree = "<group>"; };
		D87D156B7C9D1D836C7F88AE /* NotificationTests.swift */ = {isa = PBXFileReference; includeInIndex = 1; lastKnownFileType = sourcecode.swift; path = NotificationTests.swift; sourceTree = "<group>"; };
		DE7F1E19F90D215822DE1FCE /* AppRouter.swift */ = {isa = PBXFileReference; includeInIndex = 1; lastKnownFileType = sourcecode.swift; path = AppRouter.swift; sourceTree = "<group>"; };
		E1A8D54BEBD539E8CDBCA34B /* JournalExport.swift */ = {isa = PBXFileReference; includeInIndex = 1; lastKnownFileType = sourcecode.swift; name = JournalExport.swift; path = Journal/JournalExport.swift; sourceTree = "<group>"; };
		E810FE43C1FD3B085B20B676 /* GardenViewModel.swift */ = {isa = PBXFileReference; includeInIndex = 1; lastKnownFileType = sourcecode.swift; path = GardenViewModel.swift; sourceTree = "<group>"; };
		EA7314F271A1D5E8CF1FC6CB /* GardenSnapshot+Preview.swift */ = {isa = PBXFileReference; includeInIndex = 1; lastKnownFileType = sourcecode.swift; name = "GardenSnapshot+Preview.swift"; path = "Rendering/GardenSnapshot+Preview.swift"; sourceTree = "<group>"; };
		ED20E473BA31616328A030D2 /* OnboardingView.swift */ = {isa = PBXFileReference; includeInIndex = 1; lastKnownFileType = sourcecode.swift; name = OnboardingView.swift; path = Onboarding/OnboardingView.swift; sourceTree = "<group>"; };
		ED22FA681E45C338923BF6CC /* GardenSprites.swift */ = {isa = PBXFileReference; includeInIndex = 1; lastKnownFileType = sourcecode.swift; name = GardenSprites.swift; path = Rendering/GardenSprites.swift; sourceTree = "<group>"; };
		EDFAE2AFEF21752F8E00C210 /* GardenRenderingTests.swift */ = {isa = PBXFileReference; includeInIndex = 1; lastKnownFileType = sourcecode.swift; path = GardenRenderingTests.swift; sourceTree = "<group>"; };
		F211B0EA66F10B903BE7E33F /* GardenWeather.swift */ = {isa = PBXFileReference; includeInIndex = 1; lastKnownFileType = sourcecode.swift; name = GardenWeather.swift; path = Rendering/GardenWeather.swift; sourceTree = "<group>"; };
		F3C38E0BE6DEC775C9D89121 /* SharedContainerLocating.swift */ = {isa = PBXFileReference; includeInIndex = 1; lastKnownFileType = sourcecode.swift; name = SharedContainerLocating.swift; path = Storage/SharedContainerLocating.swift; sourceTree = "<group>"; };
		F50172F0E82150338B872140 /* HomeStyle.swift */ = {isa = PBXFileReference; includeInIndex = 1; lastKnownFileType = sourcecode.swift; name = HomeStyle.swift; path = Models/HomeStyle.swift; sourceTree = "<group>"; };
		FA02324BB845469F0113F4DC /* AppGroup.swift */ = {isa = PBXFileReference; includeInIndex = 1; lastKnownFileType = sourcecode.swift; name = AppGroup.swift; path = Storage/AppGroup.swift; sourceTree = "<group>"; };
		FCA69FA1FEEFA90A9057FE89 /* JournalView.swift */ = {isa = PBXFileReference; includeInIndex = 1; lastKnownFileType = sourcecode.swift; path = JournalView.swift; sourceTree = "<group>"; };
		FE37942F56A36DF6798717CD /* GardenDeepLink.swift */ = {isa = PBXFileReference; includeInIndex = 1; lastKnownFileType = sourcecode.swift; name = GardenDeepLink.swift; path = Widget/GardenDeepLink.swift; sourceTree = "<group>"; };
		FFB1B1BBD699D8F2DBB011CE /* GardenStoreTests.swift */ = {isa = PBXFileReference; includeInIndex = 1; lastKnownFileType = sourcecode.swift; path = GardenStoreTests.swift; sourceTree = "<group>"; };
		FFC177F7B91C77417E9BCE9B /* Info.plist */ = {isa = PBXFileReference; includeInIndex = 1; lastKnownFileType = text.plist.xml; path = Info.plist; sourceTree = "<group>"; };
/* End PBXFileReference section */

/* Begin PBXFrameworksBuildPhase section */
		331A569C7546F08A010CEB0E /* Frameworks */ = {
			isa = PBXFrameworksBuildPhase;
			buildActionMask = 2147483647;
			files = (
				BA852D3AA71C1A5CAA16662A /* Foundation.framework in Frameworks */,
			);
			runOnlyForDeploymentPostprocessing = 0;
		};
		9B396C38B1D2294348049ECE /* Frameworks */ = {
			isa = PBXFrameworksBuildPhase;
			buildActionMask = 2147483647;
			files = (
				1952641EEAA0A5C3125103FD /* Foundation.framework in Frameworks */,
			);
			runOnlyForDeploymentPostprocessing = 0;
		};
		D77D22AF463AD40EECF4C328 /* Frameworks */ = {
			isa = PBXFrameworksBuildPhase;
			buildActionMask = 2147483647;
			files = (
				54B6209D5EA3824A55F75CC2 /* Foundation.framework in Frameworks */,
			);
			runOnlyForDeploymentPostprocessing = 0;
		};
/* End PBXFrameworksBuildPhase section */

/* Begin PBXGroup section */
		1CCB1BF5B0946DF4F3D0AD2D /* GratitudeGarden */ = {
			isa = PBXGroup;
			children = (
				27E4C5C23E7A52F94AEBC475 /* AppPreferencesModel.swift */,
				DE7F1E19F90D215822DE1FCE /* AppRouter.swift */,
				9751F75B31FC83890C980FD9 /* ContentView.swift */,
				1D7B56AF53E424326013D95D /* EntryComposerView.swift */,
				5D6A63AF33CC7ACB3128D2B9 /* Haptics.swift */,
				5E855AD19BF4EA592DBD616A /* SoundPlayer.swift */,
				E810FE43C1FD3B085B20B676 /* GardenViewModel.swift */,
				49CE019F6ED28847408A8DB4 /* GratitudeGardenApp.swift */,
				FCA69FA1FEEFA90A9057FE89 /* JournalView.swift */,
				5635061C06C55D86DE3AB03C /* NotificationSettingsView.swift */,
				6C5595E4518B2E256446E257 /* NotificationManager.swift */,
				BA4BCF254790A4F923CBA1EB /* NotificationProtocols.swift */,
				72A66B294E14F3F13DE7A09C /* UserNotificationServices.swift */,
				ED20E473BA31616328A030D2 /* OnboardingView.swift */,
				4A8E96175EF9D39694E24784 /* PrivacyView.swift */,
				8E28D0FDFC76D9ED66618328 /* SettingsView.swift */,
				5001B9792B60E902649026ED /* WidgetCenterReloader.swift */,
				40C0659A98B7AC13FC135259 /* Assets.xcassets */,
				FFC177F7B91C77417E9BCE9B /* Info.plist */,
				41296281E04A2F6E476BB5F3 /* GratitudeGarden.entitlements */,
				C4F1618EBBE3B6DD53901090 /* LocationProvider.swift */,
				D4CC631FB52A9AA50B1530D2 /* WeatherModel.swift */,
			);
			name = GratitudeGarden;
			path = GratitudeGarden;
			sourceTree = "<group>";
		};
		21404A02C102B80F7D008EB8 /* iOS */ = {
			isa = PBXGroup;
			children = (
				4CF82C61462609E0EDD91D2D /* Foundation.framework */,
			);
			name = iOS;
			sourceTree = "<group>";
		};
		3FD6968EDEF3A63DF6776FFC /* Shared */ = {
			isa = PBXGroup;
			children = (
				E1A8D54BEBD539E8CDBCA34B /* JournalExport.swift */,
				9CCC733C5CCA621643426121 /* JournalGrouping.swift */,
				D389C59E6CA1B3AD50DE649F /* Entry.swift */,
				8248D29FE8E75D46EF1AB728 /* GardenSnapshot.swift */,
				31CDFC659054B0DB9B40B881 /* GardenState.swift */,
				5B30CAB43CAD79E19D4B5843 /* GrowthStage.swift */,
				17CB377600D8FCF3FA7F7E8E /* Vitality.swift */,
				68E91AE3592ACD2B4409A5B0 /* WorldStage.swift */,
				9588B21C6C86632C7A81B3BA /* NotificationModels.swift */,
				453AAAFEF208BE0A9BF1BE2E /* NotificationPlanner.swift */,
				800DACE2D4314752DA4A8958 /* GardenCopy.swift */,
				5B73106A34DEA3D84CBE7CB9 /* NotificationCopy.swift */,
				06B9AC742C7E302FB8904F98 /* GardenPalette.swift */,
				D11DEE8FF1B1A8A4483D826F /* GardenScene.swift */,
				038724A458A3E6C9B9C30F54 /* GardenScenePreviews.swift */,
				EA7314F271A1D5E8CF1FC6CB /* GardenSnapshot+Preview.swift */,
				ED22FA681E45C338923BF6CC /* GardenSprites.swift */,
				3201D294842162AD45E3684F /* GardenStyle.swift */,
				6CCC1175052798FF3629F260 /* GardenWorldArt.swift */,
				1E6EB164D7456F520587A0FF /* PixelSprite.swift */,
				AAB1250A90D8A9E0083A91C3 /* GardenJournal.swift */,
				36D71ABCB240F98621E74AC1 /* GardenRules.swift */,
				FA02324BB845469F0113F4DC /* AppGroup.swift */,
				0F8F8B703EAB4F1611248D7A /* AppPreferences.swift */,
				0E082C943771A8B3592C9591 /* GardenStore.swift */,
				224D5EE82F2EBF62A96A972D /* NotificationSettingsStore.swift */,
				F3C38E0BE6DEC775C9D89121 /* SharedContainerLocating.swift */,
				4FA58C50FF3110590438583A /* WidgetReloading.swift */,
				FE37942F56A36DF6798717CD /* GardenDeepLink.swift */,
				662403C79FE6F3ADC6B1A3CB /* GardenTimelinePlanner.swift */,
				B54658B7A47BF3ACFE004B7D /* WorldArt.xcassets */,
				5DA7480321A1F344AD52F935 /* GardenCamera.swift */,
				F50172F0E82150338B872140 /* HomeStyle.swift */,
				563B1832DE89EF1881EFB377 /* GardenUnlocks.swift */,
				84D6551EF85CB6EDF4076490 /* PetType.swift */,
				4A041EE4D79D3FFEFEEE9138 /* Pet.swift */,
				4E4514A700593B0625668C21 /* PetSprites.swift */,
				99B3650DB1CD11315B79B39E /* GardenFlowers.swift */,
				4FDE6138B1D665051752FF3E /* GardenLighting.swift */,
				F211B0EA66F10B903BE7E33F /* GardenWeather.swift */,
			);
			name = Shared;
			path = Shared;
			sourceTree = "<group>";
		};
		57EA24D86CE7A3155CA08300 /* Products */ = {
			isa = PBXGroup;
			children = (
				688E30DB6195C24D42DE691F /* GratitudeGarden.app */,
				873D575E46F3E935977B6AB9 /* GratitudeGardenWidgetExtension.appex */,
				6AACB32524784F696B50A9DD /* GratitudeGardenTests.xctest */,
			);
			name = Products;
			sourceTree = "<group>";
		};
		9281358E63E683C7753E8562 /* Frameworks */ = {
			isa = PBXGroup;
			children = (
				21404A02C102B80F7D008EB8 /* iOS */,
			);
			name = Frameworks;
			sourceTree = "<group>";
		};
		A784D7F6048B2799A51DD28A /* GratitudeGardenTests */ = {
			isa = PBXGroup;
			children = (
				664BB9785ECD1F17802F2472 /* GardenJournalTests.swift */,
				EDFAE2AFEF21752F8E00C210 /* GardenRenderingTests.swift */,
				18F6358DA2D4073D25183ABE /* GardenRulesTests.swift */,
				FFB1B1BBD699D8F2DBB011CE /* GardenStoreTests.swift */,
				2E7A4CB9835D19C65562DC84 /* GardenWidgetTests.swift */,
				D87D156B7C9D1D836C7F88AE /* NotificationTests.swift */,
				4EDA4D4EB2FA4355EEF4619F /* Phase6Tests.swift */,
			);
			name = GratitudeGardenTests;
			path = GratitudeGardenTests;
			sourceTree = "<group>";
		};
		B347B2E9C04650E8461986FA = {
			isa = PBXGroup;
			children = (
				57EA24D86CE7A3155CA08300 /* Products */,
				9281358E63E683C7753E8562 /* Frameworks */,
				3FD6968EDEF3A63DF6776FFC /* Shared */,
				1CCB1BF5B0946DF4F3D0AD2D /* GratitudeGarden */,
				FAECB6C0E1434BCFFEE05F0B /* GratitudeGardenWidget */,
				A784D7F6048B2799A51DD28A /* GratitudeGardenTests */,
			);
			sourceTree = "<group>";
		};
		FAECB6C0E1434BCFFEE05F0B /* GratitudeGardenWidget */ = {
			isa = PBXGroup;
			children = (
				06C99E58D799D78D9CF2728E /* GratitudeGardenWidget.swift */,
				6407DCFB97098C2E108E5D64 /* GratitudeGardenWidgetBundle.swift */,
				102B6F00B6EC144EF0B3DA8D /* Info.plist */,
				84F1F78AD43AA408B732B191 /* GratitudeGardenWidgetExtension.entitlements */,
			);
			name = GratitudeGardenWidget;
			path = GratitudeGardenWidget;
			sourceTree = "<group>";
		};
/* End PBXGroup section */

/* Begin PBXNativeTarget section */
		2A990B470CE1ABE9EDDF098C /* GratitudeGardenWidgetExtension */ = {
			isa = PBXNativeTarget;
			buildConfigurationList = 11A55D1A4E5AC6459971BAD8 /* Build configuration list for PBXNativeTarget "GratitudeGardenWidgetExtension" */;
			buildPhases = (
				D32CCCF9B1F25C816F8AD294 /* Sources */,
				331A569C7546F08A010CEB0E /* Frameworks */,
				36927697CDDEE957FB013472 /* Resources */,
			);
			buildRules = (
			);
			dependencies = (
			);
			name = GratitudeGardenWidgetExtension;
			productName = GratitudeGardenWidgetExtension;
			productReference = 873D575E46F3E935977B6AB9 /* GratitudeGardenWidgetExtension.appex */;
			productType = "com.apple.product-type.app-extension";
		};
		6A08E99ADEC40F9D8CD05A6D /* GratitudeGardenTests */ = {
			isa = PBXNativeTarget;
			buildConfigurationList = 230C255626CF2BA803E8703B /* Build configuration list for PBXNativeTarget "GratitudeGardenTests" */;
			buildPhases = (
				4D4E649A304A3F2EA791D66B /* Sources */,
				9B396C38B1D2294348049ECE /* Frameworks */,
				DE2082FC4D6A27D1675E270C /* Resources */,
			);
			buildRules = (
			);
			dependencies = (
				C39C79E31223C43AE80FB9FC /* PBXTargetDependency */,
			);
			name = GratitudeGardenTests;
			productName = GratitudeGardenTests;
			productReference = 6AACB32524784F696B50A9DD /* GratitudeGardenTests.xctest */;
			productType = "com.apple.product-type.bundle.unit-test";
		};
		8CD7D199071AB31DAD95205C /* GratitudeGarden */ = {
			isa = PBXNativeTarget;
			buildConfigurationList = 74D87ADE43703C5D3EB1757D /* Build configuration list for PBXNativeTarget "GratitudeGarden" */;
			buildPhases = (
				40B0A15683B58776A077D94A /* Sources */,
				D77D22AF463AD40EECF4C328 /* Frameworks */,
				FEBF50672D9E6F76D0FA2364 /* Resources */,
				8F92743AAD81C938C466B54C /* Embed Foundation Extensions */,
			);
			buildRules = (
			);
			dependencies = (
				0905E5A30E8EAFF3EEF06E84 /* PBXTargetDependency */,
			);
			name = GratitudeGarden;
			productName = GratitudeGarden;
			productReference = 688E30DB6195C24D42DE691F /* GratitudeGarden.app */;
			productType = "com.apple.product-type.application";
		};
/* End PBXNativeTarget section */

/* Begin PBXProject section */
		5FD80E05E872167810BEBBAB /* Project object */ = {
			isa = PBXProject;
			attributes = {
				LastSwiftUpdateCheck = 1600;
				LastUpgradeCheck = 1600;
			};
			buildConfigurationList = 9ABD5FADED0091B43198A452 /* Build configuration list for PBXProject "GratitudeGarden" */;
			compatibilityVersion = "Xcode 3.2";
			developmentRegion = en;
			hasScannedForEncodings = 0;
			knownRegions = (
				en,
				Base,
			);
			mainGroup = B347B2E9C04650E8461986FA;
			minimizedProjectReferenceProxies = 0;
			preferredProjectObjectVersion = 77;
			productRefGroup = 57EA24D86CE7A3155CA08300 /* Products */;
			projectDirPath = "";
			projectRoot = "";
			targets = (
				8CD7D199071AB31DAD95205C /* GratitudeGarden */,
				2A990B470CE1ABE9EDDF098C /* GratitudeGardenWidgetExtension */,
				6A08E99ADEC40F9D8CD05A6D /* GratitudeGardenTests */,
			);
		};
/* End PBXProject section */

/* Begin PBXResourcesBuildPhase section */
		36927697CDDEE957FB013472 /* Resources */ = {
			isa = PBXResourcesBuildPhase;
			buildActionMask = 2147483647;
			files = (
				D104903FAAB22335C3F40B7C /* WorldArt.xcassets in Resources */,
			);
			runOnlyForDeploymentPostprocessing = 0;
		};
		DE2082FC4D6A27D1675E270C /* Resources */ = {
			isa = PBXResourcesBuildPhase;
			buildActionMask = 2147483647;
			files = (
			);
			runOnlyForDeploymentPostprocessing = 0;
		};
		FEBF50672D9E6F76D0FA2364 /* Resources */ = {
			isa = PBXResourcesBuildPhase;
			buildActionMask = 2147483647;
			files = (
				A8FE2FE3DA5A9AC86A260A7D /* Assets.xcassets in Resources */,
				E49253ADBD337A1B3E205919 /* WorldArt.xcassets in Resources */,
			);
			runOnlyForDeploymentPostprocessing = 0;
		};
/* End PBXResourcesBuildPhase section */

/* Begin PBXSourcesBuildPhase section */
		40B0A15683B58776A077D94A /* Sources */ = {
			isa = PBXSourcesBuildPhase;
			buildActionMask = 2147483647;
			files = (
				E39C62A7949E2E94ED7C8F31 /* JournalExport.swift in Sources */,
				A8435CDC63250EB579884464 /* JournalGrouping.swift in Sources */,
				347A17D9A79FF13AA274869B /* Entry.swift in Sources */,
				A2B5EC3DE277449DA4098810 /* GardenSnapshot.swift in Sources */,
				C11F6C98DD37D024144B7A1E /* GardenState.swift in Sources */,
				9125E3FFA6DFC0A2BB55F12D /* GrowthStage.swift in Sources */,
				591F93735B79C7C45E6D776E /* Vitality.swift in Sources */,
				8FC3C1D3B3C0F958BED34C2F /* WorldStage.swift in Sources */,
				EB8B5E9D6DBF8D9366AFCC23 /* NotificationModels.swift in Sources */,
				E28281FC20538006E6CCF437 /* NotificationPlanner.swift in Sources */,
				CFB99A0BDD0CA65F7EFBD1DC /* GardenCopy.swift in Sources */,
				0E94FC6D8306E3C057B54B8D /* NotificationCopy.swift in Sources */,
				1CB371CD74CD25A340C37555 /* GardenPalette.swift in Sources */,
				DE7F20115472D56AC5C1D617 /* GardenScene.swift in Sources */,
				0644DC32C35AA20D0AD9D271 /* GardenScenePreviews.swift in Sources */,
				169160AE545A7A1C22885E81 /* GardenSnapshot+Preview.swift in Sources */,
				981ACC424D5E8607919A0CC8 /* GardenSprites.swift in Sources */,
				54F6A644C0A39C4CCB630D66 /* GardenStyle.swift in Sources */,
				3A7CA19CD43A07133850D74B /* GardenWorldArt.swift in Sources */,
				E811037605FCC15E118E3A54 /* PixelSprite.swift in Sources */,
				4215AA9DB13E3DD6E8D211FC /* GardenJournal.swift in Sources */,
				0A736A96F437A351B904853D /* GardenRules.swift in Sources */,
				59E0FDCF605167C07526A3A0 /* AppGroup.swift in Sources */,
				0288CE42E7EE728BA673EDFE /* AppPreferences.swift in Sources */,
				4CF8D24A139CA42E3D64099D /* GardenStore.swift in Sources */,
				4F80676C1BC804971063BBFD /* NotificationSettingsStore.swift in Sources */,
				30B52833AF41FFC40D68C058 /* SharedContainerLocating.swift in Sources */,
				378BF8E7595DC0594E21454A /* WidgetReloading.swift in Sources */,
				7E70C83763059E05FDA5962F /* GardenDeepLink.swift in Sources */,
				482338116749544D278032F0 /* GardenTimelinePlanner.swift in Sources */,
				EF503842C81A35DF67010233 /* AppPreferencesModel.swift in Sources */,
				7D217FE716D57E3A401A0BC9 /* AppRouter.swift in Sources */,
				269829CC9A5B29A912D2CA63 /* ContentView.swift in Sources */,
				3A10A541E9645F949258916F /* EntryComposerView.swift in Sources */,
				AD7A15F035141825F8B49B6D /* Haptics.swift in Sources */,
				A5B2BB71418C781E35E8CD50 /* SoundPlayer.swift in Sources */,
				77A2A9C4B850135C97274129 /* GardenViewModel.swift in Sources */,
				2D951351BFC9BEB120186C78 /* GratitudeGardenApp.swift in Sources */,
				DCB382C87C1C753511C36839 /* JournalView.swift in Sources */,
				3DF85A1CF0C0CB996C5C1BCC /* NotificationSettingsView.swift in Sources */,
				B6557250AC64677ED37762D7 /* NotificationManager.swift in Sources */,
				81C33F06B2F6675C26B885D1 /* NotificationProtocols.swift in Sources */,
				3B242BB01DE48C476660AF73 /* UserNotificationServices.swift in Sources */,
				F7EC1194BB75B409DC80E026 /* OnboardingView.swift in Sources */,
				52F0C4F13B3BF489E4C0AC53 /* PrivacyView.swift in Sources */,
				ACFDDD3541C6AF6EC4704F9A /* SettingsView.swift in Sources */,
				3112B7356A88656F29783034 /* WidgetCenterReloader.swift in Sources */,
				5A91890C44D00E2F94132809 /* GardenCamera.swift in Sources */,
				C2AC4102FAA36976F0C37787 /* HomeStyle.swift in Sources */,
				C2931D6D4BD5981D91EE40A7 /* GardenUnlocks.swift in Sources */,
				07268BC1D824028959501391 /* PetType.swift in Sources */,
				DCC2A78A123195CF9B0FA5BD /* Pet.swift in Sources */,
				69F38DE8097BE7E0ACA34EB0 /* PetSprites.swift in Sources */,
				F0E7D217CDAF3FBE4AFCA996 /* GardenFlowers.swift in Sources */,
				91464A67DE189293FB024BE0 /* GardenLighting.swift in Sources */,
				58539593D7BB2CB3C6716338 /* GardenWeather.swift in Sources */,
				8884C4F06DC95B584821F0AA /* LocationProvider.swift in Sources */,
				B1FF716F7DB8952170A51D81 /* WeatherModel.swift in Sources */,
			);
			runOnlyForDeploymentPostprocessing = 0;
		};
		4D4E649A304A3F2EA791D66B /* Sources */ = {
			isa = PBXSourcesBuildPhase;
			buildActionMask = 2147483647;
			files = (
				91C49FF0001C96D6F3101A12 /* GardenJournalTests.swift in Sources */,
				5648F418DE2ABF662BC82D29 /* GardenRenderingTests.swift in Sources */,
				13658D3F7D8E66B6B4A7BD1F /* GardenRulesTests.swift in Sources */,
				E303466FE5601BCC7704EAAA /* GardenStoreTests.swift in Sources */,
				81D7363C48CFE81E2AF18F5C /* GardenWidgetTests.swift in Sources */,
				8D47CD2016D988878A9DDEF4 /* NotificationTests.swift in Sources */,
				0D57BA0F0036B1B15F574378 /* Phase6Tests.swift in Sources */,
			);
			runOnlyForDeploymentPostprocessing = 0;
		};
		D32CCCF9B1F25C816F8AD294 /* Sources */ = {
			isa = PBXSourcesBuildPhase;
			buildActionMask = 2147483647;
			files = (
				4C1723C96A9D7A0F645EDCA4 /* JournalExport.swift in Sources */,
				A6DF90E749EA236BA93E21AE /* JournalGrouping.swift in Sources */,
				D5FA579DE60ACE44105EDE37 /* Entry.swift in Sources */,
				7B02E96622F1B76DDCD1B015 /* GardenSnapshot.swift in Sources */,
				54CF869335DEEA621337D237 /* GardenState.swift in Sources */,
				6FE173EC5982352EE9E6D4EF /* GrowthStage.swift in Sources */,
				3B17F5A6A7795CB9FF38C44B /* Vitality.swift in Sources */,
				E977A7F7E962FD63EF24E92D /* WorldStage.swift in Sources */,
				394714168E6514B652909856 /* NotificationModels.swift in Sources */,
				D17A0EECBF7B57F20B932AB2 /* NotificationPlanner.swift in Sources */,
				8DAB36DCE5638B8263BD146C /* GardenCopy.swift in Sources */,
				5495A9CBF871997740A7CBED /* NotificationCopy.swift in Sources */,
				66DEB71437F040248A2A9CED /* GardenPalette.swift in Sources */,
				9942D0D68672C9F9927FD909 /* GardenScene.swift in Sources */,
				13F3500619DE944CDDDE63EC /* GardenScenePreviews.swift in Sources */,
				A61006E72F8BF7F4D053CDB8 /* GardenSnapshot+Preview.swift in Sources */,
				E8C3748E8D715BF74A189A86 /* GardenSprites.swift in Sources */,
				B89AE9CC0A48F7BD11525C71 /* GardenStyle.swift in Sources */,
				024CFC90DBACE563EB47FB8D /* GardenWorldArt.swift in Sources */,
				A3453475571631E84D0F289B /* PixelSprite.swift in Sources */,
				24287C74BC232BF53F09FD6B /* GardenJournal.swift in Sources */,
				2467431F6765CD3C159C8281 /* GardenRules.swift in Sources */,
				7FA34C754B1F8ED50ED89EBE /* AppGroup.swift in Sources */,
				9F3805FB0D7DC891A49ACE07 /* AppPreferences.swift in Sources */,
				3303C60ABEC888523A1265CA /* GardenStore.swift in Sources */,
				46FF33534009FDC7E334D776 /* NotificationSettingsStore.swift in Sources */,
				69E876A615607DD3D0BA0447 /* SharedContainerLocating.swift in Sources */,
				77AFE69AE7D7A5D6012A4C48 /* WidgetReloading.swift in Sources */,
				D5BCEC840E4E57ED2AD66224 /* GardenDeepLink.swift in Sources */,
				951EA45D19D95A7DCD763EC5 /* GardenTimelinePlanner.swift in Sources */,
				E01165B992E16547D323EA7F /* GratitudeGardenWidget.swift in Sources */,
				57DE67EEEA132E6C879006B8 /* GratitudeGardenWidgetBundle.swift in Sources */,
				DCF09041C9CA029728FACE65 /* GardenCamera.swift in Sources */,
				F39E8D4A69F82822C9850EAC /* HomeStyle.swift in Sources */,
				C4350F44B09D803D313A3698 /* GardenUnlocks.swift in Sources */,
				E9C5C3E2F97177B11753F6FD /* PetType.swift in Sources */,
				D9800BB0C17724840901B20C /* Pet.swift in Sources */,
				695FE7D89C99EC5AAE048912 /* PetSprites.swift in Sources */,
				91E6FD88E66924A746F81637 /* GardenFlowers.swift in Sources */,
				1FE84EE59C8E15C58D7FDCB1 /* GardenLighting.swift in Sources */,
				875EEB5FBB1F3E8FCFAF42C1 /* GardenWeather.swift in Sources */,
			);
			runOnlyForDeploymentPostprocessing = 0;
		};
/* End PBXSourcesBuildPhase section */

/* Begin PBXTargetDependency section */
		0905E5A30E8EAFF3EEF06E84 /* PBXTargetDependency */ = {
			isa = PBXTargetDependency;
			name = GratitudeGardenWidgetExtension;
			target = 2A990B470CE1ABE9EDDF098C /* GratitudeGardenWidgetExtension */;
			targetProxy = C11E26AD79063ABB1373FA91 /* PBXContainerItemProxy */;
		};
		C39C79E31223C43AE80FB9FC /* PBXTargetDependency */ = {
			isa = PBXTargetDependency;
			name = GratitudeGarden;
			target = 8CD7D199071AB31DAD95205C /* GratitudeGarden */;
			targetProxy = 90EA8E3EA0CD42525E8AA5E8 /* PBXContainerItemProxy */;
		};
/* End PBXTargetDependency section */

/* Begin XCBuildConfiguration section */
		2A9711013D634E57C8B32CAD /* Debug */ = {
			isa = XCBuildConfiguration;
			buildSettings = {
				BUNDLE_LOADER = "$(TEST_HOST)";
				CLANG_ENABLE_OBJC_WEAK = NO;
				CODE_SIGNING_ALLOWED = NO;
				CODE_SIGN_STYLE = Automatic;
				CURRENT_PROJECT_VERSION = 1;
				GENERATE_INFOPLIST_FILE = YES;
				IPHONEOS_DEPLOYMENT_TARGET = 17.0;
				MARKETING_VERSION = 1.0;
				PRODUCT_BUNDLE_IDENTIFIER = ai.sofsuite.gratitudegarden.tests;
				SDKROOT = iphoneos;
				SWIFT_VERSION = 5.0;
				TARGETED_DEVICE_FAMILY = "1,2";
				TEST_HOST = "$(BUILT_PRODUCTS_DIR)/GratitudeGarden.app/$(BUNDLE_EXECUTABLE_FOLDER_PATH)/GratitudeGarden";
			};
			name = Debug;
		};
		72B4B0A74A64F0F211DBFBB7 /* Release */ = {
			isa = XCBuildConfiguration;
			buildSettings = {
				ASSETCATALOG_COMPILER_APPICON_NAME = AppIcon;
				ASSETCATALOG_COMPILER_GLOBAL_ACCENT_COLOR_NAME = AccentColor;
				CLANG_ENABLE_OBJC_WEAK = NO;
				CODE_SIGNING_ALLOWED = NO;
				CODE_SIGN_ENTITLEMENTS = GratitudeGarden/GratitudeGarden.entitlements;
				CODE_SIGN_STYLE = Automatic;
				CURRENT_PROJECT_VERSION = 1;
				ENABLE_PREVIEWS = YES;
				ENABLE_TESTABILITY = YES;
				GENERATE_INFOPLIST_FILE = NO;
				INFOPLIST_FILE = GratitudeGarden/Info.plist;
				IPHONEOS_DEPLOYMENT_TARGET = 17.0;
				LD_RUNPATH_SEARCH_PATHS = "$(inherited) @executable_path/Frameworks";
				MARKETING_VERSION = 1.0;
				PRODUCT_BUNDLE_IDENTIFIER = ai.sofsuite.gratitudegarden;
				SDKROOT = iphoneos;
				SWIFT_VERSION = 5.0;
				TARGETED_DEVICE_FAMILY = "1,2";
				VALIDATE_PRODUCT = YES;
			};
			name = Release;
		};
		AA95E01FFFCF0BD5F94792E4 /* Release */ = {
			isa = XCBuildConfiguration;
			buildSettings = {
				BUNDLE_LOADER = "$(TEST_HOST)";
				CLANG_ENABLE_OBJC_WEAK = NO;
				CODE_SIGNING_ALLOWED = NO;
				CODE_SIGN_STYLE = Automatic;
				CURRENT_PROJECT_VERSION = 1;
				GENERATE_INFOPLIST_FILE = YES;
				IPHONEOS_DEPLOYMENT_TARGET = 17.0;
				MARKETING_VERSION = 1.0;
				PRODUCT_BUNDLE_IDENTIFIER = ai.sofsuite.gratitudegarden.tests;
				SDKROOT = iphoneos;
				SWIFT_VERSION = 5.0;
				TARGETED_DEVICE_FAMILY = "1,2";
				TEST_HOST = "$(BUILT_PRODUCTS_DIR)/GratitudeGarden.app/$(BUNDLE_EXECUTABLE_FOLDER_PATH)/GratitudeGarden";
				VALIDATE_PRODUCT = YES;
			};
			name = Release;
		};
		D003AE21A83BA685E1664C4C /* Debug */ = {
			isa = XCBuildConfiguration;
			buildSettings = {
				ASSETCATALOG_COMPILER_APPICON_NAME = AppIcon;
				ASSETCATALOG_COMPILER_GLOBAL_ACCENT_COLOR_NAME = AccentColor;
				CLANG_ENABLE_OBJC_WEAK = NO;
				CODE_SIGNING_ALLOWED = NO;
				CODE_SIGN_ENTITLEMENTS = GratitudeGarden/GratitudeGarden.entitlements;
				CODE_SIGN_STYLE = Automatic;
				CURRENT_PROJECT_VERSION = 1;
				ENABLE_PREVIEWS = YES;
				ENABLE_TESTABILITY = YES;
				GENERATE_INFOPLIST_FILE = NO;
				INFOPLIST_FILE = GratitudeGarden/Info.plist;
				IPHONEOS_DEPLOYMENT_TARGET = 17.0;
				LD_RUNPATH_SEARCH_PATHS = "$(inherited) @executable_path/Frameworks";
				MARKETING_VERSION = 1.0;
				PRODUCT_BUNDLE_IDENTIFIER = ai.sofsuite.gratitudegarden;
				SDKROOT = iphoneos;
				SWIFT_VERSION = 5.0;
				TARGETED_DEVICE_FAMILY = "1,2";
			};
			name = Debug;
		};
		EB12FE5FBA0CDD0DC505A95A /* Debug */ = {
			isa = XCBuildConfiguration;
			buildSettings = {
				CLANG_ENABLE_OBJC_WEAK = NO;
				CODE_SIGNING_ALLOWED = NO;
				CODE_SIGN_ENTITLEMENTS = GratitudeGardenWidget/GratitudeGardenWidgetExtension.entitlements;
				CODE_SIGN_STYLE = Automatic;
				CURRENT_PROJECT_VERSION = 1;
				ENABLE_PREVIEWS = YES;
				GENERATE_INFOPLIST_FILE = NO;
				INFOPLIST_FILE = GratitudeGardenWidget/Info.plist;
				IPHONEOS_DEPLOYMENT_TARGET = 17.0;
				MARKETING_VERSION = 1.0;
				PRODUCT_BUNDLE_IDENTIFIER = ai.sofsuite.gratitudegarden.widget;
				SDKROOT = iphoneos;
				SKIP_INSTALL = YES;
				SWIFT_VERSION = 5.0;
				TARGETED_DEVICE_FAMILY = "1,2";
			};
			name = Debug;
		};
		ED6CBEBB6CBBEC85E75D7EBD /* Debug */ = {
			isa = XCBuildConfiguration;
			buildSettings = {
				ALWAYS_SEARCH_USER_PATHS = NO;
				CLANG_ANALYZER_NONNULL = YES;
				CLANG_ANALYZER_NUMBER_OBJECT_CONVERSION = YES_AGGRESSIVE;
				CLANG_CXX_LANGUAGE_STANDARD = "gnu++14";
				CLANG_CXX_LIBRARY = "libc++";
				CLANG_ENABLE_MODULES = YES;
				CLANG_ENABLE_OBJC_ARC = YES;
				CLANG_ENABLE_OBJC_WEAK = YES;
				CLANG_WARN_BLOCK_CAPTURE_AUTORELEASING = YES;
				CLANG_WARN_BOOL_CONVERSION = YES;
				CLANG_WARN_COMMA = YES;
				CLANG_WARN_CONSTANT_CONVERSION = YES;
				CLANG_WARN_DEPRECATED_OBJC_IMPLEMENTATIONS = YES;
				CLANG_WARN_DIRECT_OBJC_ISA_USAGE = YES_ERROR;
				CLANG_WARN_DOCUMENTATION_COMMENTS = YES;
				CLANG_WARN_EMPTY_BODY = YES;
				CLANG_WARN_ENUM_CONVERSION = YES;
				CLANG_WARN_INFINITE_RECURSION = YES;
				CLANG_WARN_INT_CONVERSION = YES;
				CLANG_WARN_NON_LITERAL_NULL_CONVERSION = YES;
				CLANG_WARN_OBJC_IMPLICIT_RETAIN_SELF = YES;
				CLANG_WARN_OBJC_LITERAL_CONVERSION = YES;
				CLANG_WARN_OBJC_ROOT_CLASS = YES_ERROR;
				CLANG_WARN_QUOTED_INCLUDE_IN_FRAMEWORK_HEADER = YES;
				CLANG_WARN_RANGE_LOOP_ANALYSIS = YES;
				CLANG_WARN_STRICT_PROTOTYPES = YES;
				CLANG_WARN_SUSPICIOUS_MOVE = YES;
				CLANG_WARN_UNGUARDED_AVAILABILITY = YES_AGGRESSIVE;
				CLANG_WARN_UNREACHABLE_CODE = YES;
				CLANG_WARN__DUPLICATE_METHOD_MATCH = YES;
				COPY_PHASE_STRIP = NO;
				DEBUG_INFORMATION_FORMAT = dwarf;
				ENABLE_STRICT_OBJC_MSGSEND = YES;
				ENABLE_TESTABILITY = YES;
				GCC_C_LANGUAGE_STANDARD = gnu11;
				GCC_DYNAMIC_NO_PIC = NO;
				GCC_NO_COMMON_BLOCKS = YES;
				GCC_OPTIMIZATION_LEVEL = 0;
				GCC_PREPROCESSOR_DEFINITIONS = (
					"DEBUG=1",
					"$(inherited)",
				);
				GCC_WARN_64_TO_32_BIT_CONVERSION = YES;
				GCC_WARN_ABOUT_RETURN_TYPE = YES_ERROR;
				GCC_WARN_UNDECLARED_SELECTOR = YES;
				GCC_WARN_UNINITIALIZED_AUTOS = YES_AGGRESSIVE;
				GCC_WARN_UNUSED_FUNCTION = YES;
				GCC_WARN_UNUSED_VARIABLE = YES;
				MTL_ENABLE_DEBUG_INFO = INCLUDE_SOURCE;
				MTL_FAST_MATH = YES;
				ONLY_ACTIVE_ARCH = YES;
				PRODUCT_NAME = "$(TARGET_NAME)";
				SWIFT_ACTIVE_COMPILATION_CONDITIONS = DEBUG;
				SWIFT_OPTIMIZATION_LEVEL = "-Onone";
				SWIFT_VERSION = 5.0;
			};
			name = Debug;
		};
		F50C24E4457DCE57B19FF3C5 /* Release */ = {
			isa = XCBuildConfiguration;
			buildSettings = {
				CLANG_ENABLE_OBJC_WEAK = NO;
				CODE_SIGNING_ALLOWED = NO;
				CODE_SIGN_ENTITLEMENTS = GratitudeGardenWidget/GratitudeGardenWidgetExtension.entitlements;
				CODE_SIGN_STYLE = Automatic;
				CURRENT_PROJECT_VERSION = 1;
				ENABLE_PREVIEWS = YES;
				GENERATE_INFOPLIST_FILE = NO;
				INFOPLIST_FILE = GratitudeGardenWidget/Info.plist;
				IPHONEOS_DEPLOYMENT_TARGET = 17.0;
				MARKETING_VERSION = 1.0;
				PRODUCT_BUNDLE_IDENTIFIER = ai.sofsuite.gratitudegarden.widget;
				SDKROOT = iphoneos;
				SKIP_INSTALL = YES;
				SWIFT_VERSION = 5.0;
				TARGETED_DEVICE_FAMILY = "1,2";
				VALIDATE_PRODUCT = YES;
			};
			name = Release;
		};
		FA0510583E4B3BD0686F02C2 /* Release */ = {
			isa = XCBuildConfiguration;
			buildSettings = {
				ALWAYS_SEARCH_USER_PATHS = NO;
				CLANG_ANALYZER_NONNULL = YES;
				CLANG_ANALYZER_NUMBER_OBJECT_CONVERSION = YES_AGGRESSIVE;
				CLANG_CXX_LANGUAGE_STANDARD = "gnu++14";
				CLANG_CXX_LIBRARY = "libc++";
				CLANG_ENABLE_MODULES = YES;
				CLANG_ENABLE_OBJC_ARC = YES;
				CLANG_ENABLE_OBJC_WEAK = YES;
				CLANG_WARN_BLOCK_CAPTURE_AUTORELEASING = YES;
				CLANG_WARN_BOOL_CONVERSION = YES;
				CLANG_WARN_COMMA = YES;
				CLANG_WARN_CONSTANT_CONVERSION = YES;
				CLANG_WARN_DEPRECATED_OBJC_IMPLEMENTATIONS = YES;
				CLANG_WARN_DIRECT_OBJC_ISA_USAGE = YES_ERROR;
				CLANG_WARN_DOCUMENTATION_COMMENTS = YES;
				CLANG_WARN_EMPTY_BODY = YES;
				CLANG_WARN_ENUM_CONVERSION = YES;
				CLANG_WARN_INFINITE_RECURSION = YES;
				CLANG_WARN_INT_CONVERSION = YES;
				CLANG_WARN_NON_LITERAL_NULL_CONVERSION = YES;
				CLANG_WARN_OBJC_IMPLICIT_RETAIN_SELF = YES;
				CLANG_WARN_OBJC_LITERAL_CONVERSION = YES;
				CLANG_WARN_OBJC_ROOT_CLASS = YES_ERROR;
				CLANG_WARN_QUOTED_INCLUDE_IN_FRAMEWORK_HEADER = YES;
				CLANG_WARN_RANGE_LOOP_ANALYSIS = YES;
				CLANG_WARN_STRICT_PROTOTYPES = YES;
				CLANG_WARN_SUSPICIOUS_MOVE = YES;
				CLANG_WARN_UNGUARDED_AVAILABILITY = YES_AGGRESSIVE;
				CLANG_WARN_UNREACHABLE_CODE = YES;
				CLANG_WARN__DUPLICATE_METHOD_MATCH = YES;
				COPY_PHASE_STRIP = NO;
				DEBUG_INFORMATION_FORMAT = "dwarf-with-dsym";
				ENABLE_NS_ASSERTIONS = NO;
				ENABLE_STRICT_OBJC_MSGSEND = YES;
				GCC_C_LANGUAGE_STANDARD = gnu11;
				GCC_NO_COMMON_BLOCKS = YES;
				GCC_WARN_64_TO_32_BIT_CONVERSION = YES;
				GCC_WARN_ABOUT_RETURN_TYPE = YES_ERROR;
				GCC_WARN_UNDECLARED_SELECTOR = YES;
				GCC_WARN_UNINITIALIZED_AUTOS = YES_AGGRESSIVE;
				GCC_WARN_UNUSED_FUNCTION = YES;
				GCC_WARN_UNUSED_VARIABLE = YES;
				MTL_ENABLE_DEBUG_INFO = NO;
				MTL_FAST_MATH = YES;
				PRODUCT_NAME = "$(TARGET_NAME)";
				SWIFT_COMPILATION_MODE = wholemodule;
				SWIFT_OPTIMIZATION_LEVEL = "-O";
				SWIFT_VERSION = 5.0;
			};
			name = Release;
		};
/* End XCBuildConfiguration section */

/* Begin XCConfigurationList section */
		11A55D1A4E5AC6459971BAD8 /* Build configuration list for PBXNativeTarget "GratitudeGardenWidgetExtension" */ = {
			isa = XCConfigurationList;
			buildConfigurations = (
				F50C24E4457DCE57B19FF3C5 /* Release */,
				EB12FE5FBA0CDD0DC505A95A /* Debug */,
			);
			defaultConfigurationIsVisible = 0;
			defaultConfigurationName = Release;
		};
		230C255626CF2BA803E8703B /* Build configuration list for PBXNativeTarget "GratitudeGardenTests" */ = {
			isa = XCConfigurationList;
			buildConfigurations = (
				AA95E01FFFCF0BD5F94792E4 /* Release */,
				2A9711013D634E57C8B32CAD /* Debug */,
			);
			defaultConfigurationIsVisible = 0;
			defaultConfigurationName = Release;
		};
		74D87ADE43703C5D3EB1757D /* Build configuration list for PBXNativeTarget "GratitudeGarden" */ = {
			isa = XCConfigurationList;
			buildConfigurations = (
				72B4B0A74A64F0F211DBFBB7 /* Release */,
				D003AE21A83BA685E1664C4C /* Debug */,
			);
			defaultConfigurationIsVisible = 0;
			defaultConfigurationName = Release;
		};
		9ABD5FADED0091B43198A452 /* Build configuration list for PBXProject "GratitudeGarden" */ = {
			isa = XCConfigurationList;
			buildConfigurations = (
				ED6CBEBB6CBBEC85E75D7EBD /* Debug */,
				FA0510583E4B3BD0686F02C2 /* Release */,
			);
			defaultConfigurationIsVisible = 0;
			defaultConfigurationName = Release;
		};
/* End XCConfigurationList section */
	};
	rootObject = 5FD80E05E872167810BEBBAB /* Project object */;
}
